
Microsoft Visual Studio Solution File, Format Version 12.00
# Visual Studio Version 16
VisualStudioVersion = 16.0.30717.126
MinimumVisualStudioVersion = 10.0.40219.1
Project("{9A19103F-16F7-4668-BE54-9A1E7A4F7556}") = "FactoryMethod", "FactoryMethod\FactoryMethod.csproj", "{48EF5991-F825-480B-9C3F-B739E8E49697}"
EndProject
Project("{9A19103F-16F7-4668-BE54-9A1E7A4F7556}") = "AbstractFactory", "AbstractFactory\AbstractFactory.csproj", "{7D63221E-925C-4FF1-85C7-E5EBF2B43AB9}"
EndProject
Project("{FAE04EC0-301F-11D3-BF4B-00C04F79EFBC}") = "Builder", "Builder\Builder.csproj", "{CC49D602-CB06-4828-9DA3-61219B52DC68}"
EndProject
Project("{FAE04EC0-301F-11D3-BF4B-00C04F79EFBC}") = "Prototype", "Prototype\Prototype.csproj", "{6280978A-2829-401F-BBF0-85B6348B6562}"
EndProject
Global
	GlobalSection(SolutionConfigurationPlatforms) = preSolution
		Debug|Any CPU = Debug|Any CPU
		Release|Any CPU = Release|Any CPU
	EndGlobalSection
	GlobalSection(ProjectConfigurationPlatforms) = postSolution
		{48EF5991-F825-480B-9C3F-B739E8E49697}.Debug|Any CPU.ActiveCfg = Debug|Any CPU
		{48EF5991-F825-480B-9C3F-B739E8E49697}.Debug|Any CPU.Build.0 = Debug|Any CPU
		{48EF5991-F825-480B-9C3F-B739E8E49697}.Release|Any CPU.ActiveCfg = Release|Any CPU
		{48EF5991-F825-480B-9C3F-B739E8E49697}.Release|Any CPU.Build.0 = Release|Any CPU
		{7D63221E-925C-4FF1-85C7-E5EBF2B43AB9}.Debug|Any CPU.ActiveCfg = Debug|Any CPU
		{7D63221E-925C-4FF1-85C7-E5EBF2B43AB9}.Debug|Any CPU.Build.0 = Debug|Any CPU
		{7D63221E-925C-4FF1-85C7-E5EBF2B43AB9}.Release|Any CPU.ActiveCfg = Release|Any CPU
		{7D63221E-925C-4FF1-85C7-E5EBF2B43AB9}.Release|Any CPU.Build.0 = Release|Any CPU
		{CC49D602-CB06-4828-9DA3-61219B52DC68}.Debug|Any CPU.ActiveCfg = Debug|Any CPU
		{CC49D602-CB06-4828-9DA3-61219B52DC68}.Debug|Any CPU.Build.0 = Debug|Any CPU
		{CC49D602-CB06-4828-9DA3-61219B52DC68}.Release|Any CPU.ActiveCfg = Release|Any CPU
		{CC49D602-CB06-4828-9DA3-61219B52DC68}.Release|Any CPU.Build.0 = Release|Any CPU
		{6280978A-2829-401F-BBF0-85B6348B6562}.Debug|Any CPU.ActiveCfg = Debug|Any CPU
		{6280978A-2829-401F-BBF0-85B6348B6562}.Debug|Any CPU.Build.0 = Debug|Any CPU
		{6280978A-2829-401F-BBF0-85B6348B6562}.Release|Any CPU.ActiveCfg = Release|Any CPU
		{6280978A-2829-401F-BBF0-85B6348B6562}.Release|Any CPU.Build.0 = Release|Any CPU
	EndGlobalSection
	GlobalSection(SolutionProperties) = preSolution
		HideSolutionNode = FALSE
	EndGlobalSection
	GlobalSection(ExtensibilityGlobals) = postSolution
		SolutionGuid = {8B0FA739-AE3C-4732-8F23-2002788FE705}
	EndGlobalSection
EndGlobal
