
Microsoft Visual Studio Solution File, Format Version 12.00
# Visual Studio Version 16
VisualStudioVersion = 16.0.30717.126
MinimumVisualStudioVersion = 10.0.40219.1
Project("{9A19103F-16F7-4668-BE54-9A1E7A4F7556}") = "FactoryMethod", "FactoryMethod\FactoryMethod.csproj", "{48EF5991-F825-480B-9C3F-B739E8E49697}"
EndProject
Project("{9A19103F-16F7-4668-BE54-9A1E7A4F7556}") = "AbstractFactory", "AbstractFactory\AbstractFactory.csproj", "{7D63221E-925C-4FF1-85C7-E5EBF2B43AB9}"
EndProject
Project("{9A19103F-16F7-4668-BE54-9A1E7A4F7556}") = "Builder", "Builder\Builder.csproj", "{CC49D602-CB06-4828-9DA3-61219B52DC68}"
EndProject
Project("{9A19103F-16F7-4668-BE54-9A1E7A4F7556}") = "Prototype", "Prototype\Prototype.csproj", "{6280978A-2829-401F-BBF0-85B6348B6562}"
EndProject
Project("{9A19103F-16F7-4668-BE54-9A1E7A4F7556}") = "Singleton", "Singleton\Singleton.csproj", "{09A291CD-F5D3-42A0-B852-4A92B400F5EB}"
EndProject
Project("{2150E333-8FDC-42A3-9474-1A3956D46DE8}") = "behavior", "behavior", "{FD2FA7A3-6398-488C-BD21-06604A2C9646}"
EndProject
Project("{2150E333-8FDC-42A3-9474-1A3956D46DE8}") = "generation", "generation", "{9A71833D-77AD-4471-A4B7-E547A57DA968}"
EndProject
Project("{2150E333-8FDC-42A3-9474-1A3956D46DE8}") = "structural", "structural", "{519D217F-5CC8-4EC5-91F6-FF66C0ADDC42}"
EndProject
Project("{9A19103F-16F7-4668-BE54-9A1E7A4F7556}") = "Adapter", "Adapter\Adapter.csproj", "{CDF52479-E9ED-40BC-8418-4364AF39B599}"
EndProject
Project("{9A19103F-16F7-4668-BE54-9A1E7A4F7556}") = "Bridge", "Bridge\Bridge.csproj", "{0D49417C-E637-40F9-B1CF-8B1CF3191842}"
EndProject
Project("{9A19103F-16F7-4668-BE54-9A1E7A4F7556}") = "Composite", "Composite\Composite.csproj", "{443909EC-1360-43D3-8B5D-C8F87289018F}"
EndProject
Project("{9A19103F-16F7-4668-BE54-9A1E7A4F7556}") = "Decorator_Wrapper", "Decorator_Wrapper\Decorator_Wrapper.csproj", "{2E2B2792-3854-4E8A-9977-8DEF14081195}"
EndProject
Project("{9A19103F-16F7-4668-BE54-9A1E7A4F7556}") = "Facade", "Facade\Facade.csproj", "{2B3E9315-C115-44BC-A87E-E2A6E8346900}"
EndProject
Project("{9A19103F-16F7-4668-BE54-9A1E7A4F7556}") = "Flyweight", "Flyweight\Flyweight.csproj", "{86138AC5-1B00-410F-9FAD-2E8D48F9C303}"
EndProject
Project("{9A19103F-16F7-4668-BE54-9A1E7A4F7556}") = "Proxy", "Proxy\Proxy.csproj", "{2F038A52-ED14-430F-AB07-544483D63B9D}"
EndProject
Project("{9A19103F-16F7-4668-BE54-9A1E7A4F7556}") = "ChainOfResponsibility", "ChainOfResponsibility\ChainOfResponsibility.csproj", "{3D9A0E94-BA72-4223-9793-1EB3EFE2C782}"
EndProject
Project("{9A19103F-16F7-4668-BE54-9A1E7A4F7556}") = "Command", "Command\Command.csproj", "{6A312E02-DB36-4033-960B-6ACE9757DFA9}"
EndProject
Project("{9A19103F-16F7-4668-BE54-9A1E7A4F7556}") = "Iterator", "Iterator\Iterator.csproj", "{42E505B4-EDFA-4519-9185-D75019305E19}"
EndProject
Project("{FAE04EC0-301F-11D3-BF4B-00C04F79EFBC}") = "Mediator", "Mediator\Mediator.csproj", "{774F8C7C-2A0C-4BF8-AED9-FAB196270B3D}"
EndProject
Global
	GlobalSection(SolutionConfigurationPlatforms) = preSolution
		Debug|Any CPU = Debug|Any CPU
		Release|Any CPU = Release|Any CPU
	EndGlobalSection
	GlobalSection(ProjectConfigurationPlatforms) = postSolution
		{48EF5991-F825-480B-9C3F-B739E8E49697}.Debug|Any CPU.ActiveCfg = Debug|Any CPU
		{48EF5991-F825-480B-9C3F-B739E8E49697}.Debug|Any CPU.Build.0 = Debug|Any CPU
		{48EF5991-F825-480B-9C3F-B739E8E49697}.Release|Any CPU.ActiveCfg = Release|Any CPU
		{48EF5991-F825-480B-9C3F-B739E8E49697}.Release|Any CPU.Build.0 = Release|Any CPU
		{7D63221E-925C-4FF1-85C7-E5EBF2B43AB9}.Debug|Any CPU.ActiveCfg = Debug|Any CPU
		{7D63221E-925C-4FF1-85C7-E5EBF2B43AB9}.Debug|Any CPU.Build.0 = Debug|Any CPU
		{7D63221E-925C-4FF1-85C7-E5EBF2B43AB9}.Release|Any CPU.ActiveCfg = Release|Any CPU
		{7D63221E-925C-4FF1-85C7-E5EBF2B43AB9}.Release|Any CPU.Build.0 = Release|Any CPU
		{CC49D602-CB06-4828-9DA3-61219B52DC68}.Debug|Any CPU.ActiveCfg = Debug|Any CPU
		{CC49D602-CB06-4828-9DA3-61219B52DC68}.Debug|Any CPU.Build.0 = Debug|Any CPU
		{CC49D602-CB06-4828-9DA3-61219B52DC68}.Release|Any CPU.ActiveCfg = Release|Any CPU
		{CC49D602-CB06-4828-9DA3-61219B52DC68}.Release|Any CPU.Build.0 = Release|Any CPU
		{6280978A-2829-401F-BBF0-85B6348B6562}.Debug|Any CPU.ActiveCfg = Debug|Any CPU
		{6280978A-2829-401F-BBF0-85B6348B6562}.Debug|Any CPU.Build.0 = Debug|Any CPU
		{6280978A-2829-401F-BBF0-85B6348B6562}.Release|Any CPU.ActiveCfg = Release|Any CPU
		{6280978A-2829-401F-BBF0-85B6348B6562}.Release|Any CPU.Build.0 = Release|Any CPU
		{09A291CD-F5D3-42A0-B852-4A92B400F5EB}.Debug|Any CPU.ActiveCfg = Debug|Any CPU
		{09A291CD-F5D3-42A0-B852-4A92B400F5EB}.Debug|Any CPU.Build.0 = Debug|Any CPU
		{09A291CD-F5D3-42A0-B852-4A92B400F5EB}.Release|Any CPU.ActiveCfg = Release|Any CPU
		{09A291CD-F5D3-42A0-B852-4A92B400F5EB}.Release|Any CPU.Build.0 = Release|Any CPU
		{CDF52479-E9ED-40BC-8418-4364AF39B599}.Debug|Any CPU.ActiveCfg = Debug|Any CPU
		{CDF52479-E9ED-40BC-8418-4364AF39B599}.Debug|Any CPU.Build.0 = Debug|Any CPU
		{CDF52479-E9ED-40BC-8418-4364AF39B599}.Release|Any CPU.ActiveCfg = Release|Any CPU
		{CDF52479-E9ED-40BC-8418-4364AF39B599}.Release|Any CPU.Build.0 = Release|Any CPU
		{0D49417C-E637-40F9-B1CF-8B1CF3191842}.Debug|Any CPU.ActiveCfg = Debug|Any CPU
		{0D49417C-E637-40F9-B1CF-8B1CF3191842}.Debug|Any CPU.Build.0 = Debug|Any CPU
		{0D49417C-E637-40F9-B1CF-8B1CF3191842}.Release|Any CPU.ActiveCfg = Release|Any CPU
		{0D49417C-E637-40F9-B1CF-8B1CF3191842}.Release|Any CPU.Build.0 = Release|Any CPU
		{443909EC-1360-43D3-8B5D-C8F87289018F}.Debug|Any CPU.ActiveCfg = Debug|Any CPU
		{443909EC-1360-43D3-8B5D-C8F87289018F}.Debug|Any CPU.Build.0 = Debug|Any CPU
		{443909EC-1360-43D3-8B5D-C8F87289018F}.Release|Any CPU.ActiveCfg = Release|Any CPU
		{443909EC-1360-43D3-8B5D-C8F87289018F}.Release|Any CPU.Build.0 = Release|Any CPU
		{2E2B2792-3854-4E8A-9977-8DEF14081195}.Debug|Any CPU.ActiveCfg = Debug|Any CPU
		{2E2B2792-3854-4E8A-9977-8DEF14081195}.Debug|Any CPU.Build.0 = Debug|Any CPU
		{2E2B2792-3854-4E8A-9977-8DEF14081195}.Release|Any CPU.ActiveCfg = Release|Any CPU
		{2E2B2792-3854-4E8A-9977-8DEF14081195}.Release|Any CPU.Build.0 = Release|Any CPU
		{2B3E9315-C115-44BC-A87E-E2A6E8346900}.Debug|Any CPU.ActiveCfg = Debug|Any CPU
		{2B3E9315-C115-44BC-A87E-E2A6E8346900}.Debug|Any CPU.Build.0 = Debug|Any CPU
		{2B3E9315-C115-44BC-A87E-E2A6E8346900}.Release|Any CPU.ActiveCfg = Release|Any CPU
		{2B3E9315-C115-44BC-A87E-E2A6E8346900}.Release|Any CPU.Build.0 = Release|Any CPU
		{86138AC5-1B00-410F-9FAD-2E8D48F9C303}.Debug|Any CPU.ActiveCfg = Debug|Any CPU
		{86138AC5-1B00-410F-9FAD-2E8D48F9C303}.Debug|Any CPU.Build.0 = Debug|Any CPU
		{86138AC5-1B00-410F-9FAD-2E8D48F9C303}.Release|Any CPU.ActiveCfg = Release|Any CPU
		{86138AC5-1B00-410F-9FAD-2E8D48F9C303}.Release|Any CPU.Build.0 = Release|Any CPU
		{2F038A52-ED14-430F-AB07-544483D63B9D}.Debug|Any CPU.ActiveCfg = Debug|Any CPU
		{2F038A52-ED14-430F-AB07-544483D63B9D}.Debug|Any CPU.Build.0 = Debug|Any CPU
		{2F038A52-ED14-430F-AB07-544483D63B9D}.Release|Any CPU.ActiveCfg = Release|Any CPU
		{2F038A52-ED14-430F-AB07-544483D63B9D}.Release|Any CPU.Build.0 = Release|Any CPU
		{3D9A0E94-BA72-4223-9793-1EB3EFE2C782}.Debug|Any CPU.ActiveCfg = Debug|Any CPU
		{3D9A0E94-BA72-4223-9793-1EB3EFE2C782}.Debug|Any CPU.Build.0 = Debug|Any CPU
		{3D9A0E94-BA72-4223-9793-1EB3EFE2C782}.Release|Any CPU.ActiveCfg = Release|Any CPU
		{3D9A0E94-BA72-4223-9793-1EB3EFE2C782}.Release|Any CPU.Build.0 = Release|Any CPU
		{6A312E02-DB36-4033-960B-6ACE9757DFA9}.Debug|Any CPU.ActiveCfg = Debug|Any CPU
		{6A312E02-DB36-4033-960B-6ACE9757DFA9}.Debug|Any CPU.Build.0 = Debug|Any CPU
		{6A312E02-DB36-4033-960B-6ACE9757DFA9}.Release|Any CPU.ActiveCfg = Release|Any CPU
		{6A312E02-DB36-4033-960B-6ACE9757DFA9}.Release|Any CPU.Build.0 = Release|Any CPU
		{42E505B4-EDFA-4519-9185-D75019305E19}.Debug|Any CPU.ActiveCfg = Debug|Any CPU
		{42E505B4-EDFA-4519-9185-D75019305E19}.Debug|Any CPU.Build.0 = Debug|Any CPU
		{42E505B4-EDFA-4519-9185-D75019305E19}.Release|Any CPU.ActiveCfg = Release|Any CPU
		{42E505B4-EDFA-4519-9185-D75019305E19}.Release|Any CPU.Build.0 = Release|Any CPU
		{774F8C7C-2A0C-4BF8-AED9-FAB196270B3D}.Debug|Any CPU.ActiveCfg = Debug|Any CPU
		{774F8C7C-2A0C-4BF8-AED9-FAB196270B3D}.Debug|Any CPU.Build.0 = Debug|Any CPU
		{774F8C7C-2A0C-4BF8-AED9-FAB196270B3D}.Release|Any CPU.ActiveCfg = Release|Any CPU
		{774F8C7C-2A0C-4BF8-AED9-FAB196270B3D}.Release|Any CPU.Build.0 = Release|Any CPU
	EndGlobalSection
	GlobalSection(SolutionProperties) = preSolution
		HideSolutionNode = FALSE
	EndGlobalSection
	GlobalSection(NestedProjects) = preSolution
		{48EF5991-F825-480B-9C3F-B739E8E49697} = {9A71833D-77AD-4471-A4B7-E547A57DA968}
		{7D63221E-925C-4FF1-85C7-E5EBF2B43AB9} = {9A71833D-77AD-4471-A4B7-E547A57DA968}
		{CC49D602-CB06-4828-9DA3-61219B52DC68} = {9A71833D-77AD-4471-A4B7-E547A57DA968}
		{6280978A-2829-401F-BBF0-85B6348B6562} = {9A71833D-77AD-4471-A4B7-E547A57DA968}
		{09A291CD-F5D3-42A0-B852-4A92B400F5EB} = {9A71833D-77AD-4471-A4B7-E547A57DA968}
		{CDF52479-E9ED-40BC-8418-4364AF39B599} = {519D217F-5CC8-4EC5-91F6-FF66C0ADDC42}
		{0D49417C-E637-40F9-B1CF-8B1CF3191842} = {519D217F-5CC8-4EC5-91F6-FF66C0ADDC42}
		{443909EC-1360-43D3-8B5D-C8F87289018F} = {519D217F-5CC8-4EC5-91F6-FF66C0ADDC42}
		{2E2B2792-3854-4E8A-9977-8DEF14081195} = {519D217F-5CC8-4EC5-91F6-FF66C0ADDC42}
		{2B3E9315-C115-44BC-A87E-E2A6E8346900} = {519D217F-5CC8-4EC5-91F6-FF66C0ADDC42}
		{86138AC5-1B00-410F-9FAD-2E8D48F9C303} = {519D217F-5CC8-4EC5-91F6-FF66C0ADDC42}
		{2F038A52-ED14-430F-AB07-544483D63B9D} = {519D217F-5CC8-4EC5-91F6-FF66C0ADDC42}
		{3D9A0E94-BA72-4223-9793-1EB3EFE2C782} = {FD2FA7A3-6398-488C-BD21-06604A2C9646}
		{6A312E02-DB36-4033-960B-6ACE9757DFA9} = {FD2FA7A3-6398-488C-BD21-06604A2C9646}
		{42E505B4-EDFA-4519-9185-D75019305E19} = {FD2FA7A3-6398-488C-BD21-06604A2C9646}
		{774F8C7C-2A0C-4BF8-AED9-FAB196270B3D} = {FD2FA7A3-6398-488C-BD21-06604A2C9646}
	EndGlobalSection
	GlobalSection(ExtensibilityGlobals) = postSolution
		SolutionGuid = {8B0FA739-AE3C-4732-8F23-2002788FE705}
	EndGlobalSection
EndGlobal
